// !$*UTF8*$!
{
	archiveVersion = 1;
	classes = {
	};
	objectVersion = 56;
	objects = {

/* Begin PBXBuildFile section */
		321006A129D8329E00394CCD /* AppDelegate.swift in Sources */ = {isa = PBXBuildFile; fileRef = 321006A029D8329E00394CCD /* AppDelegate.swift */; };
		321006A329D8329E00394CCD /* SceneDelegate.swift in Sources */ = {isa = PBXBuildFile; fileRef = 321006A229D8329E00394CCD /* SceneDelegate.swift */; };
		321006A529D8329E00394CCD /* ViewController.swift in Sources */ = {isa = PBXBuildFile; fileRef = 321006A429D8329E00394CCD /* ViewController.swift */; };
		321006A829D8329E00394CCD /* Main.storyboard in Resources */ = {isa = PBXBuildFile; fileRef = 321006A629D8329E00394CCD /* Main.storyboard */; };
		321006AB29D8329E00394CCD /* PHPicker_VideoUpload.xcdatamodeld in Sources */ = {isa = PBXBuildFile; fileRef = 321006A929D8329E00394CCD /* PHPicker_VideoUpload.xcdatamodeld */; };
		321006AD29D832A100394CCD /* Assets.xcassets in Resources */ = {isa = PBXBuildFile; fileRef = 321006AC29D832A100394CCD /* Assets.xcassets */; };
		321006B029D832A100394CCD /* LaunchScreen.storyboard in Resources */ = {isa = PBXBuildFile; fileRef = 321006AE29D832A100394CCD /* LaunchScreen.storyboard */; };
		321006BA29D8335000394CCD /* GoogleService-Info.plist in Resources */ = {isa = PBXBuildFile; fileRef = 321006B929D8335000394CCD /* GoogleService-Info.plist */; };
		321006BD29D833AF00394CCD /* FirebaseStorage in Frameworks */ = {isa = PBXBuildFile; productRef = 321006BC29D833AF00394CCD /* FirebaseStorage */; };
/* End PBXBuildFile section */

/* Begin PBXFileReference section */
		3210069D29D8329E00394CCD /* PHPicker-VideoUpload.app */ = {isa = PBXFileReference; explicitFileType = wrapper.application; includeInIndex = 0; path = "PHPicker-VideoUpload.app"; sourceTree = BUILT_PRODUCTS_DIR; };
		321006A029D8329E00394CCD /* AppDelegate.swift */ = {isa = PBXFileReference; lastKnownFileType = sourcecode.swift; path = AppDelegate.swift; sourceTree = "<group>"; };
		321006A229D8329E00394CCD /* SceneDelegate.swift */ = {isa = PBXFileReference; lastKnownFileType = sourcecode.swift; path = SceneDelegate.swift; sourceTree = "<group>"; };
		321006A429D8329E00394CCD /* ViewController.swift */ = {isa = PBXFileReference; lastKnownFileType = sourcecode.swift; path = ViewController.swift; sourceTree = "<group>"; };
		321006A729D8329E00394CCD /* Base */ = {isa = PBXFileReference; lastKnownFileType = file.storyboard; name = Base; path = Base.lproj/Main.storyboard; sourceTree = "<group>"; };
		321006AA29D8329E00394CCD /* PHPicker_VideoUpload.xcdatamodel */ = {isa = PBXFileReference; lastKnownFileType = wrapper.xcdatamodel; path = PHPicker_VideoUpload.xcdatamodel; sourceTree = "<group>"; };
		321006AC29D832A100394CCD /* Assets.xcassets */ = {isa = PBXFileReference; lastKnownFileType = folder.assetcatalog; path = Assets.xcassets; sourceTree = "<group>"; };
		321006AF29D832A100394CCD /* Base */ = {isa = PBXFileReference; lastKnownFileType = file.storyboard; name = Base; path = Base.lproj/LaunchScreen.storyboard; sourceTree = "<group>"; };
		321006B129D832A100394CCD /* Info.plist */ = {isa = PBXFileReference; lastKnownFileType = text.plist.xml; path = Info.plist; sourceTree = "<group>"; };
		321006B929D8335000394CCD /* GoogleService-Info.plist */ = {isa = PBXFileReference; fileEncoding = 4; lastKnownFileType = text.plist.xml; path = "GoogleService-Info.plist"; sourceTree = "<group>"; };
/* End PBXFileReference section */

/* Begin PBXFrameworksBuildPhase section */
		3210069A29D8329E00394CCD /* Frameworks */ = {
			isa = PBXFrameworksBuildPhase;
			buildActionMask = 2147483647;
			files = (
				321006BD29D833AF00394CCD /* FirebaseStorage in Frameworks */,
			);
			runOnlyForDeploymentPostprocessing = 0;
		};
/* End PBXFrameworksBuildPhase section */

/* Begin PBXGroup section */
		3210069429D8329E00394CCD = {
			isa = PBXGroup;
			children = (
				3210069F29D8329E00394CCD /* PHPicker-VideoUpload */,
				3210069E29D8329E00394CCD /* Products */,
			);
			sourceTree = "<group>";
		};
		3210069E29D8329E00394CCD /* Products */ = {
			isa = PBXGroup;
			children = (
				3210069D29D8329E00394CCD /* PHPicker-VideoUpload.app */,
			);
			name = Products;
			sourceTree = "<group>";
		};
		3210069F29D8329E00394CCD /* PHPicker-VideoUpload */ = {
			isa = PBXGroup;
			children = (
				321006B929D8335000394CCD /* GoogleService-Info.plist */,
				321006A029D8329E00394CCD /* AppDelegate.swift */,
				321006A229D8329E00394CCD /* SceneDelegate.swift */,
				321006A429D8329E00394CCD /* ViewController.swift */,
				321006A629D8329E00394CCD /* Main.storyboard */,
				321006AC29D832A100394CCD /* Assets.xcassets */,
				321006AE29D832A100394CCD /* LaunchScreen.storyboard */,
				321006B129D832A100394CCD /* Info.plist */,
				321006A929D8329E00394CCD /* PHPicker_VideoUpload.xcdatamodeld */,
			);
			path = "PHPicker-VideoUpload";
			sourceTree = "<group>";
		};
/* End PBXGroup section */

/* Begin PBXNativeTarget section */
		3210069C29D8329E00394CCD /* PHPicker-VideoUpload */ = {
			isa = PBXNativeTarget;
			buildConfigurationList = 321006B429D832A100394CCD /* Build configuration list for PBXNativeTarget "PHPicker-VideoUpload" */;
			buildPhases = (
				3210069929D8329E00394CCD /* Sources */,
				3210069A29D8329E00394CCD /* Frameworks */,
				3210069B29D8329E00394CCD /* Resources */,
			);
			buildRules = (
			);
			dependencies = (
			);
			name = "PHPicker-VideoUpload";
			packageProductDependencies = (
				321006BC29D833AF00394CCD /* FirebaseStorage */,
			);
			productName = "PHPicker-VideoUpload";
			productReference = 3210069D29D8329E00394CCD /* PHPicker-VideoUpload.app */;
			productType = "com.apple.product-type.application";
		};
/* End PBXNativeTarget section */

/* Begin PBXProject section */
		3210069529D8329E00394CCD /* Project object */ = {
			isa = PBXProject;
			attributes = {
				BuildIndependentTargetsInParallel = 1;
				LastSwiftUpdateCheck = 1420;
				LastUpgradeCheck = 1420;
				TargetAttributes = {
					3210069C29D8329E00394CCD = {
						CreatedOnToolsVersion = 14.2;
					};
				};
			};
			buildConfigurationList = 3210069829D8329E00394CCD /* Build configuration list for PBXProject "PHPicker-VideoUpload" */;
			compatibilityVersion = "Xcode 14.0";
			developmentRegion = en;
			hasScannedForEncodings = 0;
			knownRegions = (
				en,
				Base,
			);
			mainGroup = 3210069429D8329E00394CCD;
			packageReferences = (
				321006BB29D833AF00394CCD /* XCRemoteSwiftPackageReference "firebase-ios-sdk" */,
			);
			productRefGroup = 3210069E29D8329E00394CCD /* Products */;
			projectDirPath = "";
			projectRoot = "";
			targets = (
				3210069C29D8329E00394CCD /* PHPicker-VideoUpload */,
			);
		};
/* End PBXProject section */

/* Begin PBXResourcesBuildPhase section */
		3210069B29D8329E00394CCD /* Resources */ = {
			isa = PBXResourcesBuildPhase;
			buildActionMask = 2147483647;
			files = (
				321006B029D832A100394CCD /* LaunchScreen.storyboard in Resources */,
				321006BA29D8335000394CCD /* GoogleService-Info.plist in Resources */,
				321006AD29D832A100394CCD /* Assets.xcassets in Resources */,
				321006A829D8329E00394CCD /* Main.storyboard in Resources */,
			);
			runOnlyForDeploymentPostprocessing = 0;
		};
/* End PBXResourcesBuildPhase section */

/* Begin PBXSourcesBuildPhase section */
		3210069929D8329E00394CCD /* Sources */ = {
			isa = PBXSourcesBuildPhase;
			buildActionMask = 2147483647;
			files = (
				321006A529D8329E00394CCD /* ViewController.swift in Sources */,
				321006A129D8329E00394CCD /* AppDelegate.swift in Sources */,
				321006AB29D8329E00394CCD /* PHPicker_VideoUpload.xcdatamodeld in Sources */,
				321006A329D8329E00394CCD /* SceneDelegate.swift in Sources */,
			);
			runOnlyForDeploymentPostprocessing = 0;
		};
/* End PBXSourcesBuildPhase section */

/* Begin PBXVariantGroup section */
		321006A629D8329E00394CCD /* Main.storyboard */ = {
			isa = PBXVariantGroup;
			children = (
				321006A729D8329E00394CCD /* Base */,
			);
			name = Main.storyboard;
			sourceTree = "<group>";
		};
		321006AE29D832A100394CCD /* LaunchScreen.storyboard */ = {
			isa = PBXVariantGroup;
			children = (
				321006AF29D832A100394CCD /* Base */,
			);
			name = LaunchScreen.storyboard;
			sourceTree = "<group>";
		};
/* End PBXVariantGroup section */

/* Begin XCBuildConfiguration section */
		321006B229D832A100394CCD /* Debug */ = {
			isa = XCBuildConfiguration;
			buildSettings = {
				ALWAYS_SEARCH_USER_PATHS = NO;
				CLANG_ANALYZER_NONNULL = YES;
				CLANG_ANALYZER_NUMBER_OBJECT_CONVERSION = YES_AGGRESSIVE;
				CLANG_CXX_LANGUAGE_STANDARD = "gnu++20";
				CLANG_ENABLE_MODULES = YES;
				CLANG_ENABLE_OBJC_ARC = YES;
				CLANG_ENABLE_OBJC_WEAK = YES;
				CLANG_WARN_BLOCK_CAPTURE_AUTORELEASING = YES;
				CLANG_WARN_BOOL_CONVERSION = YES;
				CLANG_WARN_COMMA = YES;
				CLANG_WARN_CONSTANT_CONVERSION = YES;
				CLANG_WARN_DEPRECATED_OBJC_IMPLEMENTATIONS = YES;
				CLANG_WARN_DIRECT_OBJC_ISA_USAGE = YES_ERROR;
				CLANG_WARN_DOCUMENTATION_COMMENTS = YES;
				CLANG_WARN_EMPTY_BODY = YES;
				CLANG_WARN_ENUM_CONVERSION = YES;
				CLANG_WARN_INFINITE_RECURSION = YES;
				CLANG_WARN_INT_CONVERSION = YES;
				CLANG_WARN_NON_LITERAL_NULL_CONVERSION = YES;
				CLANG_WARN_OBJC_IMPLICIT_RETAIN_SELF = YES;
				CLANG_WARN_OBJC_LITERAL_CONVERSION = YES;
				CLANG_WARN_OBJC_ROOT_CLASS = YES_ERROR;
				CLANG_WARN_QUOTED_INCLUDE_IN_FRAMEWORK_HEADER = YES;
				CLANG_WARN_RANGE_LOOP_ANALYSIS = YES;
				CLANG_WARN_STRICT_PROTOTYPES = YES;
				CLANG_WARN_SUSPICIOUS_MOVE = YES;
				CLANG_WARN_UNGUARDED_AVAILABILITY = YES_AGGRESSIVE;
				CLANG_WARN_UNREACHABLE_CODE = YES;
				CLANG_WARN__DUPLICATE_METHOD_MATCH = YES;
				COPY_PHASE_STRIP = NO;
				DEBUG_INFORMATION_FORMAT = dwarf;
				ENABLE_STRICT_OBJC_MSGSEND = YES;
				ENABLE_TESTABILITY = YES;
				GCC_C_LANGUAGE_STANDARD = gnu11;
				GCC_DYNAMIC_NO_PIC = NO;
				GCC_NO_COMMON_BLOCKS = YES;
				GCC_OPTIMIZATION_LEVEL = 0;
				GCC_PREPROCESSOR_DEFINITIONS = (
					"DEBUG=1",
					"$(inherited)",
				);
				GCC_WARN_64_TO_32_BIT_CONVERSION = YES;
				GCC_WARN_ABOUT_RETURN_TYPE = YES_ERROR;
				GCC_WARN_UNDECLARED_SELECTOR = YES;
				GCC_WARN_UNINITIALIZED_AUTOS = YES_AGGRESSIVE;
				GCC_WARN_UNUSED_FUNCTION = YES;
				GCC_WARN_UNUSED_VARIABLE = YES;
				IPHONEOS_DEPLOYMENT_TARGET = 16.2;
				MTL_ENABLE_DEBUG_INFO = INCLUDE_SOURCE;
				MTL_FAST_MATH = YES;
				ONLY_ACTIVE_ARCH = YES;
				SDKROOT = iphoneos;
				SWIFT_ACTIVE_COMPILATION_CONDITIONS = DEBUG;
				SWIFT_OPTIMIZATION_LEVEL = "-Onone";
			};
			name = Debug;
		};
		321006B329D832A100394CCD /* Release */ = {
			isa = XCBuildConfiguration;
			buildSettings = {
				ALWAYS_SEARCH_USER_PATHS = NO;
				CLANG_ANALYZER_NONNULL = YES;
				CLANG_ANALYZER_NUMBER_OBJECT_CONVERSION = YES_AGGRESSIVE;
				CLANG_CXX_LANGUAGE_STANDARD = "gnu++20";
				CLANG_ENABLE_MODULES = YES;
				CLANG_ENABLE_OBJC_ARC = YES;
				CLANG_ENABLE_OBJC_WEAK = YES;
				CLANG_WARN_BLOCK_CAPTURE_AUTORELEASING = YES;
				CLANG_WARN_BOOL_CONVERSION = YES;
				CLANG_WARN_COMMA = YES;
				CLANG_WARN_CONSTANT_CONVERSION = YES;
				CLANG_WARN_DEPRECATED_OBJC_IMPLEMENTATIONS = YES;
				CLANG_WARN_DIRECT_OBJC_ISA_USAGE = YES_ERROR;
				CLANG_WARN_DOCUMENTATION_COMMENTS = YES;
				CLANG_WARN_EMPTY_BODY = YES;
				CLANG_WARN_ENUM_CONVERSION = YES;
				CLANG_WARN_INFINITE_RECURSION = YES;
				CLANG_WARN_INT_CONVERSION = YES;
				CLANG_WARN_NON_LITERAL_NULL_CONVERSION = YES;
				CLANG_WARN_OBJC_IMPLICIT_RETAIN_SELF = YES;
				CLANG_WARN_OBJC_LITERAL_CONVERSION = YES;
				CLANG_WARN_OBJC_ROOT_CLASS = YES_ERROR;
				CLANG_WARN_QUOTED_INCLUDE_IN_FRAMEWORK_HEADER = YES;
				CLANG_WARN_RANGE_LOOP_ANALYSIS = YES;
				CLANG_WARN_STRICT_PROTOTYPES = YES;
				CLANG_WARN_SUSPICIOUS_MOVE = YES;
				CLANG_WARN_UNGUARDED_AVAILABILITY = YES_AGGRESSIVE;
				CLANG_WARN_UNREACHABLE_CODE = YES;
				CLANG_WARN__DUPLICATE_METHOD_MATCH = YES;
				COPY_PHASE_STRIP = NO;
				DEBUG_INFORMATION_FORMAT = "dwarf-with-dsym";
				ENABLE_NS_ASSERTIONS = NO;
				ENABLE_STRICT_OBJC_MSGSEND = YES;
				GCC_C_LANGUAGE_STANDARD = gnu11;
				GCC_NO_COMMON_BLOCKS = YES;
				GCC_WARN_64_TO_32_BIT_CONVERSION = YES;
				GCC_WARN_ABOUT_RETURN_TYPE = YES_ERROR;
				GCC_WARN_UNDECLARED_SELECTOR = YES;
				GCC_WARN_UNINITIALIZED_AUTOS = YES_AGGRESSIVE;
				GCC_WARN_UNUSED_FUNCTION = YES;
				GCC_WARN_UNUSED_VARIABLE = YES;
				IPHONEOS_DEPLOYMENT_TARGET = 16.2;
				MTL_ENABLE_DEBUG_INFO = NO;
				MTL_FAST_MATH = YES;
				SDKROOT = iphoneos;
				SWIFT_COMPILATION_MODE = wholemodule;
				SWIFT_OPTIMIZATION_LEVEL = "-O";
				VALIDATE_PRODUCT = YES;
			};
			name = Release;
		};
		321006B529D832A100394CCD /* Debug */ = {
			isa = XCBuildConfiguration;
			buildSettings = {
				ASSETCATALOG_COMPILER_APPICON_NAME = AppIcon;
				ASSETCATALOG_COMPILER_GLOBAL_ACCENT_COLOR_NAME = AccentColor;
				CODE_SIGN_STYLE = Automatic;
				CURRENT_PROJECT_VERSION = 1;
				DEVELOPMENT_TEAM = 8U63ZP8KK6;
				GENERATE_INFOPLIST_FILE = YES;
				INFOPLIST_FILE = "PHPicker-VideoUpload/Info.plist";
				INFOPLIST_KEY_UIApplicationSupportsIndirectInputEvents = YES;
				INFOPLIST_KEY_UILaunchStoryboardName = LaunchScreen;
				INFOPLIST_KEY_UIMainStoryboardFile = Main;
				INFOPLIST_KEY_UISupportedInterfaceOrientations_iPad = "UIInterfaceOrientationPortrait UIInterfaceOrientationPortraitUpsideDown UIInterfaceOrientationLandscapeLeft UIInterfaceOrientationLandscapeRight";
				INFOPLIST_KEY_UISupportedInterfaceOrientations_iPhone = "UIInterfaceOrientationPortrait UIInterfaceOrientationLandscapeLeft UIInterfaceOrientationLandscapeRight";
				LD_RUNPATH_SEARCH_PATHS = (
					"$(inherited)",
					"@executable_path/Frameworks",
				);
				MARKETING_VERSION = 1.0;
				PRODUCT_BUNDLE_IDENTIFIER = "com.jasondubon.PHPicker-VideoUpload";
				PRODUCT_NAME = "$(TARGET_NAME)";
				SWIFT_EMIT_LOC_STRINGS = YES;
				SWIFT_VERSION = 5.0;
				TARGETED_DEVICE_FAMILY = "1,2";
			};
			name = Debug;
		};
		321006B629D832A100394CCD /* Release */ = {
			isa = XCBuildConfiguration;
			buildSettings = {
				ASSETCATALOG_COMPILER_APPICON_NAME = AppIcon;
				ASSETCATALOG_COMPILER_GLOBAL_ACCENT_COLOR_NAME = AccentColor;
				CODE_SIGN_STYLE = Automatic;
				CURRENT_PROJECT_VERSION = 1;
				DEVELOPMENT_TEAM = 8U63ZP8KK6;
				GENERATE_INFOPLIST_FILE = YES;
				INFOPLIST_FILE = "PHPicker-VideoUpload/Info.plist";
				INFOPLIST_KEY_UIApplicationSupportsIndirectInputEvents = YES;
				INFOPLIST_KEY_UILaunchStoryboardName = LaunchScreen;
				INFOPLIST_KEY_UIMainStoryboardFile = Main;
				INFOPLIST_KEY_UISupportedInterfaceOrientations_iPad = "UIInterfaceOrientationPortrait UIInterfaceOrientationPortraitUpsideDown UIInterfaceOrientationLandscapeLeft UIInterfaceOrientationLandscapeRight";
				INFOPLIST_KEY_UISupportedInterfaceOrientations_iPhone = "UIInterfaceOrientationPortrait UIInterfaceOrientationLandscapeLeft UIInterfaceOrientationLandscapeRight";
				LD_RUNPATH_SEARCH_PATHS = (
					"$(inherited)",
					"@executable_path/Frameworks",
				);
				MARKETING_VERSION = 1.0;
				PRODUCT_BUNDLE_IDENTIFIER = "com.jasondubon.PHPicker-VideoUpload";
				PRODUCT_NAME = "$(TARGET_NAME)";
				SWIFT_EMIT_LOC_STRINGS = YES;
				SWIFT_VERSION = 5.0;
				TARGETED_DEVICE_FAMILY = "1,2";
			};
			name = Release;
		};
/* End XCBuildConfiguration section */

/* Begin XCConfigurationList section */
		3210069829D8329E00394CCD /* Build configuration list for PBXProject "PHPicker-VideoUpload" */ = {
			isa = XCConfigurationList;
			buildConfigurations = (
				321006B229D832A100394CCD /* Debug */,
				321006B329D832A100394CCD /* Release */,
			);
			defaultConfigurationIsVisible = 0;
			defaultConfigurationName = Release;
		};
		321006B429D832A100394CCD /* Build configuration list for PBXNativeTarget "PHPicker-VideoUpload" */ = {
			isa = XCConfigurationList;
			buildConfigurations = (
				321006B529D832A100394CCD /* Debug */,
				321006B629D832A100394CCD /* Release */,
			);
			defaultConfigurationIsVisible = 0;
			defaultConfigurationName = Release;
		};
/* End XCConfigurationList section */

/* Begin XCRemoteSwiftPackageReference section */
		321006BB29D833AF00394CCD /* XCRemoteSwiftPackageReference "firebase-ios-sdk" */ = {
			isa = XCRemoteSwiftPackageReference;
			repositoryURL = "https://github.com/firebase/firebase-ios-sdk";
			requirement = {
				branch = master;
				kind = branch;
			};
		};
/* End XCRemoteSwiftPackageReference section */

/* Begin XCSwiftPackageProductDependency section */
		321006BC29D833AF00394CCD /* FirebaseStorage */ = {
			isa = XCSwiftPackageProductDependency;
			package = 321006BB29D833AF00394CCD /* XCRemoteSwiftPackageReference "firebase-ios-sdk" */;
			productName = FirebaseStorage;
		};
/* End XCSwiftPackageProductDependency section */

/* Begin XCVersionGroup section */
		321006A929D8329E00394CCD /* PHPicker_VideoUpload.xcdatamodeld */ = {
			isa = XCVersionGroup;
			children = (
				321006AA29D8329E00394CCD /* PHPicker_VideoUpload.xcdatamodel */,
			);
			currentVersion = 321006AA29D8329E00394CCD /* PHPicker_VideoUpload.xcdatamodel */;
			path = PHPicker_VideoUpload.xcdatamodeld;
			sourceTree = "<group>";
			versionGroupType = wrapper.xcdatamodel;
		};
/* End XCVersionGroup section */
	};
	rootObject = 3210069529D8329E00394CCD /* Project object */;
}
